
Microsoft Visual Studio Solution File, Format Version 11.00
# Visual Studio 2010
Project("{FAE04EC0-301F-11D3-BF4B-00C04F79EFBC}") = "Assembly-CSharp", "Assembly-CSharp.csproj", "{0063A9A4-D781-6319-6832-1C69D719719F}"
EndProject
Project("{FAE04EC0-301F-11D3-BF4B-00C04F79EFBC}") = "Assembly-CSharp-Editor-firstpass", "Assembly-CSharp-Editor-firstpass.csproj", "{C22BF3C3-1076-BCF2-FF91-F8816625DF95}"
EndProject
Global
	GlobalSection(SolutionConfigurationPlatforms) = preSolution
		Debug|Any CPU = Debug|Any CPU
		Release|Any CPU = Release|Any CPU
	EndGlobalSection
	GlobalSection(ProjectConfigurationPlatforms) = postSolution
		{0063A9A4-D781-6319-6832-1C69D719719F}.Debug|Any CPU.ActiveCfg = Debug|Any CPU
		{0063A9A4-D781-6319-6832-1C69D719719F}.Debug|Any CPU.Build.0 = Debug|Any CPU
		{0063A9A4-D781-6319-6832-1C69D719719F}.Release|Any CPU.ActiveCfg = Release|Any CPU
		{0063A9A4-D781-6319-6832-1C69D719719F}.Release|Any CPU.Build.0 = Release|Any CPU
		{C22BF3C3-1076-BCF2-FF91-F8816625DF95}.Debug|Any CPU.ActiveCfg = Debug|Any CPU
		{C22BF3C3-1076-BCF2-FF91-F8816625DF95}.Debug|Any CPU.Build.0 = Debug|Any CPU
		{C22BF3C3-1076-BCF2-FF91-F8816625DF95}.Release|Any CPU.ActiveCfg = Release|Any CPU
		{C22BF3C3-1076-BCF2-FF91-F8816625DF95}.Release|Any CPU.Build.0 = Release|Any CPU
	EndGlobalSection
	GlobalSection(SolutionProperties) = preSolution
		HideSolutionNode = FALSE
	EndGlobalSection
EndGlobal
